
Microsoft Visual Studio Solution File, Format Version 12.00
# Visual Studio 15
VisualStudioVersion = 15.0.28010.2050
MinimumVisualStudioVersion = 10.0.40219.1
Project("{FAE04EC0-301F-11D3-BF4B-00C04F79EFBC}") = "MobileHW1.Android", "MobileHW1\MobileHW1.Android\MobileHW1.Android.csproj", "{52881E5E-8B97-467F-A304-06561D86E5CE}"
EndProject
Project("{FAE04EC0-301F-11D3-BF4B-00C04F79EFBC}") = "MobileHW1.iOS", "MobileHW1\MobileHW1.iOS\MobileHW1.iOS.csproj", "{C29D2E5F-B4C9-45D6-9211-786B974566A1}"
EndProject
Project("{FAE04EC0-301F-11D3-BF4B-00C04F79EFBC}") = "MobileHW1", "MobileHW1\MobileHW1\MobileHW1.csproj", "{47465B20-96EB-459B-AA2F-80DC8AC17950}"
EndProject
Global
	GlobalSection(SolutionConfigurationPlatforms) = preSolution
		Ad-Hoc|Any CPU = Ad-Hoc|Any CPU
		Ad-Hoc|iPhone = Ad-Hoc|iPhone
		Ad-Hoc|iPhoneSimulator = Ad-Hoc|iPhoneSimulator
		AppStore|Any CPU = AppStore|Any CPU
		AppStore|iPhone = AppStore|iPhone
		AppStore|iPhoneSimulator = AppStore|iPhoneSimulator
		Debug|Any CPU = Debug|Any CPU
		Debug|iPhone = Debug|iPhone
		Debug|iPhoneSimulator = Debug|iPhoneSimulator
		Release|Any CPU = Release|Any CPU
		Release|iPhone = Release|iPhone
		Release|iPhoneSimulator = Release|iPhoneSimulator
	EndGlobalSection
	GlobalSection(ProjectConfigurationPlatforms) = postSolution
		{52881E5E-8B97-467F-A304-06561D86E5CE}.Ad-Hoc|Any CPU.ActiveCfg = Release|Any CPU
		{52881E5E-8B97-467F-A304-06561D86E5CE}.Ad-Hoc|Any CPU.Build.0 = Release|Any CPU
		{52881E5E-8B97-467F-A304-06561D86E5CE}.Ad-Hoc|Any CPU.Deploy.0 = Release|Any CPU
		{52881E5E-8B97-467F-A304-06561D86E5CE}.Ad-Hoc|iPhone.ActiveCfg = Release|Any CPU
		{52881E5E-8B97-467F-A304-06561D86E5CE}.Ad-Hoc|iPhone.Build.0 = Release|Any CPU
		{52881E5E-8B97-467F-A304-06561D86E5CE}.Ad-Hoc|iPhone.Deploy.0 = Release|Any CPU
		{52881E5E-8B97-467F-A304-06561D86E5CE}.Ad-Hoc|iPhoneSimulator.ActiveCfg = Release|Any CPU
		{52881E5E-8B97-467F-A304-06561D86E5CE}.Ad-Hoc|iPhoneSimulator.Build.0 = Release|Any CPU
		{52881E5E-8B97-467F-A304-06561D86E5CE}.Ad-Hoc|iPhoneSimulator.Deploy.0 = Release|Any CPU
		{52881E5E-8B97-467F-A304-06561D86E5CE}.AppStore|Any CPU.ActiveCfg = Release|Any CPU
		{52881E5E-8B97-467F-A304-06561D86E5CE}.AppStore|Any CPU.Build.0 = Release|Any CPU
		{52881E5E-8B97-467F-A304-06561D86E5CE}.AppStore|Any CPU.Deploy.0 = Release|Any CPU
		{52881E5E-8B97-467F-A304-06561D86E5CE}.AppStore|iPhone.ActiveCfg = Release|Any CPU
		{52881E5E-8B97-467F-A304-06561D86E5CE}.AppStore|iPhone.Build.0 = Release|Any CPU
		{52881E5E-8B97-467F-A304-06561D86E5CE}.AppStore|iPhone.Deploy.0 = Release|Any CPU
		{52881E5E-8B97-467F-A304-06561D86E5CE}.AppStore|iPhoneSimulator.ActiveCfg = Release|Any CPU
		{52881E5E-8B97-467F-A304-06561D86E5CE}.AppStore|iPhoneSimulator.Build.0 = Release|Any CPU
		{52881E5E-8B97-467F-A304-06561D86E5CE}.AppStore|iPhoneSimulator.Deploy.0 = Release|Any CPU
		{52881E5E-8B97-467F-A304-06561D86E5CE}.Debug|Any CPU.ActiveCfg = Debug|Any CPU
		{52881E5E-8B97-467F-A304-06561D86E5CE}.Debug|Any CPU.Build.0 = Debug|Any CPU
		{52881E5E-8B97-467F-A304-06561D86E5CE}.Debug|Any CPU.Deploy.0 = Debug|Any CPU
		{52881E5E-8B97-467F-A304-06561D86E5CE}.Debug|iPhone.ActiveCfg = Debug|Any CPU
		{52881E5E-8B97-467F-A304-06561D86E5CE}.Debug|iPhone.Build.0 = Debug|Any CPU
		{52881E5E-8B97-467F-A304-06561D86E5CE}.Debug|iPhone.Deploy.0 = Debug|Any CPU
		{52881E5E-8B97-467F-A304-06561D86E5CE}.Debug|iPhoneSimulator.ActiveCfg = Debug|Any CPU
		{52881E5E-8B97-467F-A304-06561D86E5CE}.Debug|iPhoneSimulator.Build.0 = Debug|Any CPU
		{52881E5E-8B97-467F-A304-06561D86E5CE}.Debug|iPhoneSimulator.Deploy.0 = Debug|Any CPU
		{52881E5E-8B97-467F-A304-06561D86E5CE}.Release|Any CPU.ActiveCfg = Release|Any CPU
		{52881E5E-8B97-467F-A304-06561D86E5CE}.Release|Any CPU.Build.0 = Release|Any CPU
		{52881E5E-8B97-467F-A304-06561D86E5CE}.Release|Any CPU.Deploy.0 = Release|Any CPU
		{52881E5E-8B97-467F-A304-06561D86E5CE}.Release|iPhone.ActiveCfg = Release|Any CPU
		{52881E5E-8B97-467F-A304-06561D86E5CE}.Release|iPhone.Build.0 = Release|Any CPU
		{52881E5E-8B97-467F-A304-06561D86E5CE}.Release|iPhone.Deploy.0 = Release|Any CPU
		{52881E5E-8B97-467F-A304-06561D86E5CE}.Release|iPhoneSimulator.ActiveCfg = Release|Any CPU
		{52881E5E-8B97-467F-A304-06561D86E5CE}.Release|iPhoneSimulator.Build.0 = Release|Any CPU
		{52881E5E-8B97-467F-A304-06561D86E5CE}.Release|iPhoneSimulator.Deploy.0 = Release|Any CPU
		{C29D2E5F-B4C9-45D6-9211-786B974566A1}.Ad-Hoc|Any CPU.ActiveCfg = Ad-Hoc|iPhone
		{C29D2E5F-B4C9-45D6-9211-786B974566A1}.Ad-Hoc|Any CPU.Build.0 = Ad-Hoc|iPhone
		{C29D2E5F-B4C9-45D6-9211-786B974566A1}.Ad-Hoc|Any CPU.Deploy.0 = Ad-Hoc|iPhone
		{C29D2E5F-B4C9-45D6-9211-786B974566A1}.Ad-Hoc|iPhone.ActiveCfg = Ad-Hoc|iPhone
		{C29D2E5F-B4C9-45D6-9211-786B974566A1}.Ad-Hoc|iPhone.Build.0 = Ad-Hoc|iPhone
		{C29D2E5F-B4C9-45D6-9211-786B974566A1}.Ad-Hoc|iPhone.Deploy.0 = Ad-Hoc|iPhone
		{C29D2E5F-B4C9-45D6-9211-786B974566A1}.Ad-Hoc|iPhoneSimulator.ActiveCfg = Ad-Hoc|iPhoneSimulator
		{C29D2E5F-B4C9-45D6-9211-786B974566A1}.Ad-Hoc|iPhoneSimulator.Build.0 = Ad-Hoc|iPhoneSimulator
		{C29D2E5F-B4C9-45D6-9211-786B974566A1}.Ad-Hoc|iPhoneSimulator.Deploy.0 = Ad-Hoc|iPhoneSimulator
		{C29D2E5F-B4C9-45D6-9211-786B974566A1}.AppStore|Any CPU.ActiveCfg = AppStore|iPhone
		{C29D2E5F-B4C9-45D6-9211-786B974566A1}.AppStore|Any CPU.Build.0 = AppStore|iPhone
		{C29D2E5F-B4C9-45D6-9211-786B974566A1}.AppStore|Any CPU.Deploy.0 = AppStore|iPhone
		{C29D2E5F-B4C9-45D6-9211-786B974566A1}.AppStore|iPhone.ActiveCfg = AppStore|iPhone
		{C29D2E5F-B4C9-45D6-9211-786B974566A1}.AppStore|iPhone.Build.0 = AppStore|iPhone
		{C29D2E5F-B4C9-45D6-9211-786B974566A1}.AppStore|iPhone.Deploy.0 = AppStore|iPhone
		{C29D2E5F-B4C9-45D6-9211-786B974566A1}.AppStore|iPhoneSimulator.ActiveCfg = AppStore|iPhoneSimulator
		{C29D2E5F-B4C9-45D6-9211-786B974566A1}.AppStore|iPhoneSimulator.Build.0 = AppStore|iPhoneSimulator
		{C29D2E5F-B4C9-45D6-9211-786B974566A1}.AppStore|iPhoneSimulator.Deploy.0 = AppStore|iPhoneSimulator
		{C29D2E5F-B4C9-45D6-9211-786B974566A1}.Debug|Any CPU.ActiveCfg = Debug|iPhoneSimulator
		{C29D2E5F-B4C9-45D6-9211-786B974566A1}.Debug|Any CPU.Build.0 = Debug|iPhoneSimulator
		{C29D2E5F-B4C9-45D6-9211-786B974566A1}.Debug|Any CPU.Deploy.0 = Debug|iPhoneSimulator
		{C29D2E5F-B4C9-45D6-9211-786B974566A1}.Debug|iPhone.ActiveCfg = Debug|iPhone
		{C29D2E5F-B4C9-45D6-9211-786B974566A1}.Debug|iPhone.Build.0 = Debug|iPhone
		{C29D2E5F-B4C9-45D6-9211-786B974566A1}.Debug|iPhone.Deploy.0 = Debug|iPhone
		{C29D2E5F-B4C9-45D6-9211-786B974566A1}.Debug|iPhoneSimulator.ActiveCfg = Debug|iPhoneSimulator
		{C29D2E5F-B4C9-45D6-9211-786B974566A1}.Debug|iPhoneSimulator.Build.0 = Debug|iPhoneSimulator
		{C29D2E5F-B4C9-45D6-9211-786B974566A1}.Debug|iPhoneSimulator.Deploy.0 = Debug|iPhoneSimulator
		{C29D2E5F-B4C9-45D6-9211-786B974566A1}.Release|Any CPU.ActiveCfg = Release|iPhone
		{C29D2E5F-B4C9-45D6-9211-786B974566A1}.Release|Any CPU.Build.0 = Release|iPhone
		{C29D2E5F-B4C9-45D6-9211-786B974566A1}.Release|Any CPU.Deploy.0 = Release|iPhone
		{C29D2E5F-B4C9-45D6-9211-786B974566A1}.Release|iPhone.ActiveCfg = Release|iPhone
		{C29D2E5F-B4C9-45D6-9211-786B974566A1}.Release|iPhone.Build.0 = Release|iPhone
		{C29D2E5F-B4C9-45D6-9211-786B974566A1}.Release|iPhone.Deploy.0 = Release|iPhone
		{C29D2E5F-B4C9-45D6-9211-786B974566A1}.Release|iPhoneSimulator.ActiveCfg = Release|iPhoneSimulator
		{C29D2E5F-B4C9-45D6-9211-786B974566A1}.Release|iPhoneSimulator.Build.0 = Release|iPhoneSimulator
		{C29D2E5F-B4C9-45D6-9211-786B974566A1}.Release|iPhoneSimulator.Deploy.0 = Release|iPhoneSimulator
		{47465B20-96EB-459B-AA2F-80DC8AC17950}.Ad-Hoc|Any CPU.ActiveCfg = Debug|Any CPU
		{47465B20-96EB-459B-AA2F-80DC8AC17950}.Ad-Hoc|Any CPU.Build.0 = Debug|Any CPU
		{47465B20-96EB-459B-AA2F-80DC8AC17950}.Ad-Hoc|Any CPU.Deploy.0 = Debug|Any CPU
		{47465B20-96EB-459B-AA2F-80DC8AC17950}.Ad-Hoc|iPhone.ActiveCfg = Debug|Any CPU
		{47465B20-96EB-459B-AA2F-80DC8AC17950}.Ad-Hoc|iPhone.Build.0 = Debug|Any CPU
		{47465B20-96EB-459B-AA2F-80DC8AC17950}.Ad-Hoc|iPhone.Deploy.0 = Debug|Any CPU
		{47465B20-96EB-459B-AA2F-80DC8AC17950}.Ad-Hoc|iPhoneSimulator.ActiveCfg = Debug|Any CPU
		{47465B20-96EB-459B-AA2F-80DC8AC17950}.Ad-Hoc|iPhoneSimulator.Build.0 = Debug|Any CPU
		{47465B20-96EB-459B-AA2F-80DC8AC17950}.Ad-Hoc|iPhoneSimulator.Deploy.0 = Debug|Any CPU
		{47465B20-96EB-459B-AA2F-80DC8AC17950}.AppStore|Any CPU.ActiveCfg = Debug|Any CPU
		{47465B20-96EB-459B-AA2F-80DC8AC17950}.AppStore|Any CPU.Build.0 = Debug|Any CPU
		{47465B20-96EB-459B-AA2F-80DC8AC17950}.AppStore|Any CPU.Deploy.0 = Debug|Any CPU
		{47465B20-96EB-459B-AA2F-80DC8AC17950}.AppStore|iPhone.ActiveCfg = Debug|Any CPU
		{47465B20-96EB-459B-AA2F-80DC8AC17950}.AppStore|iPhone.Build.0 = Debug|Any CPU
		{47465B20-96EB-459B-AA2F-80DC8AC17950}.AppStore|iPhone.Deploy.0 = Debug|Any CPU
		{47465B20-96EB-459B-AA2F-80DC8AC17950}.AppStore|iPhoneSimulator.ActiveCfg = Debug|Any CPU
		{47465B20-96EB-459B-AA2F-80DC8AC17950}.AppStore|iPhoneSimulator.Build.0 = Debug|Any CPU
		{47465B20-96EB-459B-AA2F-80DC8AC17950}.AppStore|iPhoneSimulator.Deploy.0 = Debug|Any CPU
		{47465B20-96EB-459B-AA2F-80DC8AC17950}.Debug|Any CPU.ActiveCfg = Debug|Any CPU
		{47465B20-96EB-459B-AA2F-80DC8AC17950}.Debug|Any CPU.Build.0 = Debug|Any CPU
		{47465B20-96EB-459B-AA2F-80DC8AC17950}.Debug|Any CPU.Deploy.0 = Debug|Any CPU
		{47465B20-96EB-459B-AA2F-80DC8AC17950}.Debug|iPhone.ActiveCfg = Debug|Any CPU
		{47465B20-96EB-459B-AA2F-80DC8AC17950}.Debug|iPhone.Build.0 = Debug|Any CPU
		{47465B20-96EB-459B-AA2F-80DC8AC17950}.Debug|iPhone.Deploy.0 = Debug|Any CPU
		{47465B20-96EB-459B-AA2F-80DC8AC17950}.Debug|iPhoneSimulator.ActiveCfg = Debug|Any CPU
		{47465B20-96EB-459B-AA2F-80DC8AC17950}.Debug|iPhoneSimulator.Build.0 = Debug|Any CPU
		{47465B20-96EB-459B-AA2F-80DC8AC17950}.Debug|iPhoneSimulator.Deploy.0 = Debug|Any CPU
		{47465B20-96EB-459B-AA2F-80DC8AC17950}.Release|Any CPU.ActiveCfg = Release|Any CPU
		{47465B20-96EB-459B-AA2F-80DC8AC17950}.Release|Any CPU.Build.0 = Release|Any CPU
		{47465B20-96EB-459B-AA2F-80DC8AC17950}.Release|Any CPU.Deploy.0 = Release|Any CPU
		{47465B20-96EB-459B-AA2F-80DC8AC17950}.Release|iPhone.ActiveCfg = Release|Any CPU
		{47465B20-96EB-459B-AA2F-80DC8AC17950}.Release|iPhone.Build.0 = Release|Any CPU
		{47465B20-96EB-459B-AA2F-80DC8AC17950}.Release|iPhone.Deploy.0 = Release|Any CPU
		{47465B20-96EB-459B-AA2F-80DC8AC17950}.Release|iPhoneSimulator.ActiveCfg = Release|Any CPU
		{47465B20-96EB-459B-AA2F-80DC8AC17950}.Release|iPhoneSimulator.Build.0 = Release|Any CPU
		{47465B20-96EB-459B-AA2F-80DC8AC17950}.Release|iPhoneSimulator.Deploy.0 = Release|Any CPU
	EndGlobalSection
	GlobalSection(SolutionProperties) = preSolution
		HideSolutionNode = FALSE
	EndGlobalSection
	GlobalSection(ExtensibilityGlobals) = postSolution
		SolutionGuid = {1BB5700D-5AF8-46AA-9A36-50A9B019C359}
	EndGlobalSection
EndGlobal
